// !$*UTF8*$!
{
	archiveVersion = 1;
	classes = {
	};
	objectVersion = 50;
	objects = {

/* Begin PBXBuildFile section */
		1107F51F2123D6D4009365B7 /* AppDelegate.m in Sources */ = {isa = PBXBuildFile; fileRef = 1107F51E2123D6D4009365B7 /* AppDelegate.m */; };
		1107F5222123D6D4009365B7 /* ViewController.m in Sources */ = {isa = PBXBuildFile; fileRef = 1107F5212123D6D4009365B7 /* ViewController.m */; };
		1107F5252123D6D4009365B7 /* Main.storyboard in Resources */ = {isa = PBXBuildFile; fileRef = 1107F5232123D6D4009365B7 /* Main.storyboard */; };
		1107F5272123D6D5009365B7 /* Assets.xcassets in Resources */ = {isa = PBXBuildFile; fileRef = 1107F5262123D6D5009365B7 /* Assets.xcassets */; };
		1107F52A2123D6D5009365B7 /* LaunchScreen.storyboard in Resources */ = {isa = PBXBuildFile; fileRef = 1107F5282123D6D5009365B7 /* LaunchScreen.storyboard */; };
		1107F52D2123D6D5009365B7 /* main.m in Sources */ = {isa = PBXBuildFile; fileRef = 1107F52C2123D6D5009365B7 /* main.m */; };
		1107F5372123D6D5009365B7 /* draw_DemoUITests.m in Sources */ = {isa = PBXBuildFile; fileRef = 1107F5362123D6D5009365B7 /* draw_DemoUITests.m */; };
		1107F564212410B6009365B7 /* share_wechat@2x.png in Resources */ = {isa = PBXBuildFile; fileRef = 1107F563212410B6009365B7 /* share_wechat@2x.png */; };
/* End PBXBuildFile section */

/* Begin PBXContainerItemProxy section */
		1107F5332123D6D5009365B7 /* PBXContainerItemProxy */ = {
			isa = PBXContainerItemProxy;
			containerPortal = 1107F5122123D6D3009365B7 /* Project object */;
			proxyType = 1;
			remoteGlobalIDString = 1107F5192123D6D3009365B7;
			remoteInfo = "draw-Demo";
		};
/* End PBXContainerItemProxy section */

/* Begin PBXFileReference section */
		1107F51A2123D6D3009365B7 /* draw-Demo.app */ = {isa = PBXFileReference; explicitFileType = wrapper.application; includeInIndex = 0; path = "draw-Demo.app"; sourceTree = BUILT_PRODUCTS_DIR; };
		1107F51D2123D6D3009365B7 /* AppDelegate.h */ = {isa = PBXFileReference; lastKnownFileType = sourcecode.c.h; path = AppDelegate.h; sourceTree = "<group>"; };
		1107F51E2123D6D4009365B7 /* AppDelegate.m */ = {isa = PBXFileReference; lastKnownFileType = sourcecode.c.objc; path = AppDelegate.m; sourceTree = "<group>"; };
		1107F5202123D6D4009365B7 /* ViewController.h */ = {isa = PBXFileReference; lastKnownFileType = sourcecode.c.h; path = ViewController.h; sourceTree = "<group>"; };
		1107F5212123D6D4009365B7 /* ViewController.m */ = {isa = PBXFileReference; lastKnownFileType = sourcecode.c.objc; path = ViewController.m; sourceTree = "<group>"; };
		1107F5242123D6D4009365B7 /* Base */ = {isa = PBXFileReference; lastKnownFileType = file.storyboard; name = Base; path = Base.lproj/Main.storyboard; sourceTree = "<group>"; };
		1107F5262123D6D5009365B7 /* Assets.xcassets */ = {isa = PBXFileReference; lastKnownFileType = folder.assetcatalog; path = Assets.xcassets; sourceTree = "<group>"; };
		1107F5292123D6D5009365B7 /* Base */ = {isa = PBXFileReference; lastKnownFileType = file.storyboard; name = Base; path = Base.lproj/LaunchScreen.storyboard; sourceTree = "<group>"; };
		1107F52B2123D6D5009365B7 /* Info.plist */ = {isa = PBXFileReference; lastKnownFileType = text.plist.xml; path = Info.plist; sourceTree = "<group>"; };
		1107F52C2123D6D5009365B7 /* main.m */ = {isa = PBXFileReference; lastKnownFileType = sourcecode.c.objc; path = main.m; sourceTree = "<group>"; };
		1107F5322123D6D5009365B7 /* draw-DemoUITests.xctest */ = {isa = PBXFileReference; explicitFileType = wrapper.cfbundle; includeInIndex = 0; path = "draw-DemoUITests.xctest"; sourceTree = BUILT_PRODUCTS_DIR; };
		1107F5362123D6D5009365B7 /* draw_DemoUITests.m */ = {isa = PBXFileReference; lastKnownFileType = sourcecode.c.objc; path = draw_DemoUITests.m; sourceTree = "<group>"; };
		1107F5382123D6D5009365B7 /* Info.plist */ = {isa = PBXFileReference; lastKnownFileType = text.plist.xml; path = Info.plist; sourceTree = "<group>"; };
		1107F563212410B6009365B7 /* share_wechat@2x.png */ = {isa = PBXFileReference; lastKnownFileType = image.png; path = "share_wechat@2x.png"; sourceTree = "<group>"; };
/* End PBXFileReference section */

/* Begin PBXFrameworksBuildPhase section */
		1107F5172123D6D3009365B7 /* Frameworks */ = {
			isa = PBXFrameworksBuildPhase;
			buildActionMask = 2147483647;
			files = (
			);
			runOnlyForDeploymentPostprocessing = 0;
		};
		1107F52F2123D6D5009365B7 /* Frameworks */ = {
			isa = PBXFrameworksBuildPhase;
			buildActionMask = 2147483647;
			files = (
			);
			runOnlyForDeploymentPostprocessing = 0;
		};
/* End PBXFrameworksBuildPhase section */

/* Begin PBXGroup section */
		1107F5112123D6D3009365B7 = {
			isa = PBXGroup;
			children = (
				1107F51C2123D6D3009365B7 /* draw-Demo */,
				1107F5352123D6D5009365B7 /* draw-DemoUITests */,
				1107F51B2123D6D3009365B7 /* Products */,
			);
			sourceTree = "<group>";
		};
		1107F51B2123D6D3009365B7 /* Products */ = {
			isa = PBXGroup;
			children = (
				1107F51A2123D6D3009365B7 /* draw-Demo.app */,
				1107F5322123D6D5009365B7 /* draw-DemoUITests.xctest */,
			);
			name = Products;
			sourceTree = "<group>";
		};
		1107F51C2123D6D3009365B7 /* draw-Demo */ = {
			isa = PBXGroup;
			children = (
				1107F51D2123D6D3009365B7 /* AppDelegate.h */,
				1107F51E2123D6D4009365B7 /* AppDelegate.m */,
				1107F5202123D6D4009365B7 /* ViewController.h */,
				1107F5212123D6D4009365B7 /* ViewController.m */,
				1107F563212410B6009365B7 /* share_wechat@2x.png */,
				1107F5232123D6D4009365B7 /* Main.storyboard */,
				1107F5262123D6D5009365B7 /* Assets.xcassets */,
				1107F5282123D6D5009365B7 /* LaunchScreen.storyboard */,
				1107F52B2123D6D5009365B7 /* Info.plist */,
				1107F52C2123D6D5009365B7 /* main.m */,
			);
			path = "draw-Demo";
			sourceTree = "<group>";
		};
		1107F5352123D6D5009365B7 /* draw-DemoUITests */ = {
			isa = PBXGroup;
			children = (
				1107F5362123D6D5009365B7 /* draw_DemoUITests.m */,
				1107F5382123D6D5009365B7 /* Info.plist */,
			);
			path = "draw-DemoUITests";
			sourceTree = "<group>";
		};
/* End PBXGroup section */

/* Begin PBXNativeTarget section */
		1107F5192123D6D3009365B7 /* draw-Demo */ = {
			isa = PBXNativeTarget;
			buildConfigurationList = 1107F53B2123D6D5009365B7 /* Build configuration list for PBXNativeTarget "draw-Demo" */;
			buildPhases = (
				1107F5162123D6D3009365B7 /* Sources */,
				1107F5172123D6D3009365B7 /* Frameworks */,
				1107F5182123D6D3009365B7 /* Resources */,
			);
			buildRules = (
			);
			dependencies = (
			);
			name = "draw-Demo";
			productName = "draw-Demo";
			productReference = 1107F51A2123D6D3009365B7 /* draw-Demo.app */;
			productType = "com.apple.product-type.application";
		};
		1107F5312123D6D5009365B7 /* draw-DemoUITests */ = {
			isa = PBXNativeTarget;
			buildConfigurationList = 1107F53E2123D6D5009365B7 /* Build configuration list for PBXNativeTarget "draw-DemoUITests" */;
			buildPhases = (
				1107F52E2123D6D5009365B7 /* Sources */,
				1107F52F2123D6D5009365B7 /* Frameworks */,
				1107F5302123D6D5009365B7 /* Resources */,
			);
			buildRules = (
			);
			dependencies = (
				1107F5342123D6D5009365B7 /* PBXTargetDependency */,
			);
			name = "draw-DemoUITests";
			productName = "draw-DemoUITests";
			productReference = 1107F5322123D6D5009365B7 /* draw-DemoUITests.xctest */;
			productType = "com.apple.product-type.bundle.ui-testing";
		};
/* End PBXNativeTarget section */

/* Begin PBXProject section */
		1107F5122123D6D3009365B7 /* Project object */ = {
			isa = PBXProject;
			attributes = {
				LastUpgradeCheck = 0940;
				ORGANIZATIONNAME = yesdgq;
				TargetAttributes = {
					1107F5192123D6D3009365B7 = {
						CreatedOnToolsVersion = 9.4.1;
					};
					1107F5312123D6D5009365B7 = {
						CreatedOnToolsVersion = 9.4.1;
						TestTargetID = 1107F5192123D6D3009365B7;
					};
				};
			};
			buildConfigurationList = 1107F5152123D6D3009365B7 /* Build configuration list for PBXProject "draw-Demo" */;
			compatibilityVersion = "Xcode 9.3";
			developmentRegion = en;
			hasScannedForEncodings = 0;
			knownRegions = (
				en,
				Base,
			);
			mainGroup = 1107F5112123D6D3009365B7;
			productRefGroup = 1107F51B2123D6D3009365B7 /* Products */;
			projectDirPath = "";
			projectRoot = "";
			targets = (
				1107F5192123D6D3009365B7 /* draw-Demo */,
				1107F5312123D6D5009365B7 /* draw-DemoUITests */,
			);
		};
/* End PBXProject section */

/* Begin PBXResourcesBuildPhase section */
		1107F5182123D6D3009365B7 /* Resources */ = {
			isa = PBXResourcesBuildPhase;
			buildActionMask = 2147483647;
			files = (
				1107F52A2123D6D5009365B7 /* LaunchScreen.storyboard in Resources */,
				1107F5272123D6D5009365B7 /* Assets.xcassets in Resources */,
				1107F564212410B6009365B7 /* share_wechat@2x.png in Resources */,
				1107F5252123D6D4009365B7 /* Main.storyboard in Resources */,
			);
			runOnlyForDeploymentPostprocessing = 0;
		};
		1107F5302123D6D5009365B7 /* Resources */ = {
			isa = PBXResourcesBuildPhase;
			buildActionMask = 2147483647;
			files = (
			);
			runOnlyForDeploymentPostprocessing = 0;
		};
/* End PBXResourcesBuildPhase section */

/* Begin PBXSourcesBuildPhase section */
		1107F5162123D6D3009365B7 /* Sources */ = {
			isa = PBXSourcesBuildPhase;
			buildActionMask = 2147483647;
			files = (
				1107F5222123D6D4009365B7 /* ViewController.m in Sources */,
				1107F52D2123D6D5009365B7 /* main.m in Sources */,
				1107F51F2123D6D4009365B7 /* AppDelegate.m in Sources */,
			);
			runOnlyForDeploymentPostprocessing = 0;
		};
		1107F52E2123D6D5009365B7 /* Sources */ = {
			isa = PBXSourcesBuildPhase;
			buildActionMask = 2147483647;
			files = (
				1107F5372123D6D5009365B7 /* draw_DemoUITests.m in Sources */,
			);
			runOnlyForDeploymentPostprocessing = 0;
		};
/* End PBXSourcesBuildPhase section */

/* Begin PBXTargetDependency section */
		1107F5342123D6D5009365B7 /* PBXTargetDependency */ = {
			isa = PBXTargetDependency;
			target = 1107F5192123D6D3009365B7 /* draw-Demo */;
			targetProxy = 1107F5332123D6D5009365B7 /* PBXContainerItemProxy */;
		};
/* End PBXTargetDependency section */

/* Begin PBXVariantGroup section */
		1107F5232123D6D4009365B7 /* Main.storyboard */ = {
			isa = PBXVariantGroup;
			children = (
				1107F5242123D6D4009365B7 /* Base */,
			);
			name = Main.storyboard;
			sourceTree = "<group>";
		};
		1107F5282123D6D5009365B7 /* LaunchScreen.storyboard */ = {
			isa = PBXVariantGroup;
			children = (
				1107F5292123D6D5009365B7 /* Base */,
			);
			name = LaunchScreen.storyboard;
			sourceTree = "<group>";
		};
/* End PBXVariantGroup section */

/* Begin XCBuildConfiguration section */
		1107F5392123D6D5009365B7 /* Debug */ = {
			isa = XCBuildConfiguration;
			buildSettings = {
				ALWAYS_SEARCH_USER_PATHS = NO;
				CLANG_ANALYZER_NONNULL = YES;
				CLANG_ANALYZER_NUMBER_OBJECT_CONVERSION = YES_AGGRESSIVE;
				CLANG_CXX_LANGUAGE_STANDARD = "gnu++14";
				CLANG_CXX_LIBRARY = "libc++";
				CLANG_ENABLE_MODULES = YES;
				CLANG_ENABLE_OBJC_ARC = YES;
				CLANG_ENABLE_OBJC_WEAK = YES;
				CLANG_WARN_BLOCK_CAPTURE_AUTORELEASING = YES;
				CLANG_WARN_BOOL_CONVERSION = YES;
				CLANG_WARN_COMMA = YES;
				CLANG_WARN_CONSTANT_CONVERSION = YES;
				CLANG_WARN_DEPRECATED_OBJC_IMPLEMENTATIONS = YES;
				CLANG_WARN_DIRECT_OBJC_ISA_USAGE = YES_ERROR;
				CLANG_WARN_DOCUMENTATION_COMMENTS = YES;
				CLANG_WARN_EMPTY_BODY = YES;
				CLANG_WARN_ENUM_CONVERSION = YES;
				CLANG_WARN_INFINITE_RECURSION = YES;
				CLANG_WARN_INT_CONVERSION = YES;
				CLANG_WARN_NON_LITERAL_NULL_CONVERSION = YES;
				CLANG_WARN_OBJC_IMPLICIT_RETAIN_SELF = YES;
				CLANG_WARN_OBJC_LITERAL_CONVERSION = YES;
				CLANG_WARN_OBJC_ROOT_CLASS = YES_ERROR;
				CLANG_WARN_RANGE_LOOP_ANALYSIS = YES;
				CLANG_WARN_STRICT_PROTOTYPES = YES;
				CLANG_WARN_SUSPICIOUS_MOVE = YES;
				CLANG_WARN_UNGUARDED_AVAILABILITY = YES_AGGRESSIVE;
				CLANG_WARN_UNREACHABLE_CODE = YES;
				CLANG_WARN__DUPLICATE_METHOD_MATCH = YES;
				CODE_SIGN_IDENTITY = "iPhone Developer";
				COPY_PHASE_STRIP = NO;
				DEBUG_INFORMATION_FORMAT = dwarf;
				ENABLE_STRICT_OBJC_MSGSEND = YES;
				ENABLE_TESTABILITY = YES;
				GCC_C_LANGUAGE_STANDARD = gnu11;
				GCC_DYNAMIC_NO_PIC = NO;
				GCC_NO_COMMON_BLOCKS = YES;
				GCC_OPTIMIZATION_LEVEL = 0;
				GCC_PREPROCESSOR_DEFINITIONS = (
					"DEBUG=1",
					"$(inherited)",
				);
				GCC_WARN_64_TO_32_BIT_CONVERSION = YES;
				GCC_WARN_ABOUT_RETURN_TYPE = YES_ERROR;
				GCC_WARN_UNDECLARED_SELECTOR = YES;
				GCC_WARN_UNINITIALIZED_AUTOS = YES_AGGRESSIVE;
				GCC_WARN_UNUSED_FUNCTION = YES;
				GCC_WARN_UNUSED_VARIABLE = YES;
				IPHONEOS_DEPLOYMENT_TARGET = 11.4;
				MTL_ENABLE_DEBUG_INFO = YES;
				ONLY_ACTIVE_ARCH = YES;
				SDKROOT = iphoneos;
			};
			name = Debug;
		};
		1107F53A2123D6D5009365B7 /* Release */ = {
			isa = XCBuildConfiguration;
			buildSettings = {
				ALWAYS_SEARCH_USER_PATHS = NO;
				CLANG_ANALYZER_NONNULL = YES;
				CLANG_ANALYZER_NUMBER_OBJECT_CONVERSION = YES_AGGRESSIVE;
				CLANG_CXX_LANGUAGE_STANDARD = "gnu++14";
				CLANG_CXX_LIBRARY = "libc++";
				CLANG_ENABLE_MODULES = YES;
				CLANG_ENABLE_OBJC_ARC = YES;
				CLANG_ENABLE_OBJC_WEAK = YES;
				CLANG_WARN_BLOCK_CAPTURE_AUTORELEASING = YES;
				CLANG_WARN_BOOL_CONVERSION = YES;
				CLANG_WARN_COMMA = YES;
				CLANG_WARN_CONSTANT_CONVERSION = YES;
				CLANG_WARN_DEPRECATED_OBJC_IMPLEMENTATIONS = YES;
				CLANG_WARN_DIRECT_OBJC_ISA_USAGE = YES_ERROR;
				CLANG_WARN_DOCUMENTATION_COMMENTS = YES;
				CLANG_WARN_EMPTY_BODY = YES;
				CLANG_WARN_ENUM_CONVERSION = YES;
				CLANG_WARN_INFINITE_RECURSION = YES;
				CLANG_WARN_INT_CONVERSION = YES;
				CLANG_WARN_NON_LITERAL_NULL_CONVERSION = YES;
				CLANG_WARN_OBJC_IMPLICIT_RETAIN_SELF = YES;
				CLANG_WARN_OBJC_LITERAL_CONVERSION = YES;
				CLANG_WARN_OBJC_ROOT_CLASS = YES_ERROR;
				CLANG_WARN_RANGE_LOOP_ANALYSIS = YES;
				CLANG_WARN_STRICT_PROTOTYPES = YES;
				CLANG_WARN_SUSPICIOUS_MOVE = YES;
				CLANG_WARN_UNGUARDED_AVAILABILITY = YES_AGGRESSIVE;
				CLANG_WARN_UNREACHABLE_CODE = YES;
				CLANG_WARN__DUPLICATE_METHOD_MATCH = YES;
				CODE_SIGN_IDENTITY = "iPhone Developer";
				COPY_PHASE_STRIP = NO;
				DEBUG_INFORMATION_FORMAT = "dwarf-with-dsym";
				ENABLE_NS_ASSERTIONS = NO;
				ENABLE_STRICT_OBJC_MSGSEND = YES;
				GCC_C_LANGUAGE_STANDARD = gnu11;
				GCC_NO_COMMON_BLOCKS = YES;
				GCC_WARN_64_TO_32_BIT_CONVERSION = YES;
				GCC_WARN_ABOUT_RETURN_TYPE = YES_ERROR;
				GCC_WARN_UNDECLARED_SELECTOR = YES;
				GCC_WARN_UNINITIALIZED_AUTOS = YES_AGGRESSIVE;
				GCC_WARN_UNUSED_FUNCTION = YES;
				GCC_WARN_UNUSED_VARIABLE = YES;
				IPHONEOS_DEPLOYMENT_TARGET = 11.4;
				MTL_ENABLE_DEBUG_INFO = NO;
				SDKROOT = iphoneos;
				VALIDATE_PRODUCT = YES;
			};
			name = Release;
		};
		1107F53C2123D6D5009365B7 /* Debug */ = {
			isa = XCBuildConfiguration;
			buildSettings = {
				ASSETCATALOG_COMPILER_APPICON_NAME = AppIcon;
				CODE_SIGN_STYLE = Automatic;
				DEVELOPMENT_TEAM = J5EPCRFAR9;
				INFOPLIST_FILE = "draw-Demo/Info.plist";
				LD_RUNPATH_SEARCH_PATHS = (
					"$(inherited)",
					"@executable_path/Frameworks",
				);
				PRODUCT_BUNDLE_IDENTIFIER = "P.R.China.draw-Demo";
				PRODUCT_NAME = "$(TARGET_NAME)";
				TARGETED_DEVICE_FAMILY = "1,2";
			};
			name = Debug;
		};
		1107F53D2123D6D5009365B7 /* Release */ = {
			isa = XCBuildConfiguration;
			buildSettings = {
				ASSETCATALOG_COMPILER_APPICON_NAME = AppIcon;
				CODE_SIGN_STYLE = Automatic;
				DEVELOPMENT_TEAM = J5EPCRFAR9;
				INFOPLIST_FILE = "draw-Demo/Info.plist";
				LD_RUNPATH_SEARCH_PATHS = (
					"$(inherited)",
					"@executable_path/Frameworks",
				);
				PRODUCT_BUNDLE_IDENTIFIER = "P.R.China.draw-Demo";
				PRODUCT_NAME = "$(TARGET_NAME)";
				TARGETED_DEVICE_FAMILY = "1,2";
			};
			name = Release;
		};
		1107F53F2123D6D5009365B7 /* Debug */ = {
			isa = XCBuildConfiguration;
			buildSettings = {
				CODE_SIGN_STYLE = Automatic;
				DEVELOPMENT_TEAM = J5EPCRFAR9;
				INFOPLIST_FILE = "draw-DemoUITests/Info.plist";
				LD_RUNPATH_SEARCH_PATHS = (
					"$(inherited)",
					"@executable_path/Frameworks",
					"@loader_path/Frameworks",
				);
				PRODUCT_BUNDLE_IDENTIFIER = "P.R.China.draw-DemoUITests";
				PRODUCT_NAME = "$(TARGET_NAME)";
				TARGETED_DEVICE_FAMILY = "1,2";
				TEST_TARGET_NAME = "draw-Demo";
			};
			name = Debug;
		};
		1107F5402123D6D5009365B7 /* Release */ = {
			isa = XCBuildConfiguration;
			buildSettings = {
				CODE_SIGN_STYLE = Automatic;
				DEVELOPMENT_TEAM = J5EPCRFAR9;
				INFOPLIST_FILE = "draw-DemoUITests/Info.plist";
				LD_RUNPATH_SEARCH_PATHS = (
					"$(inherited)",
					"@executable_path/Frameworks",
					"@loader_path/Frameworks",
				);
				PRODUCT_BUNDLE_IDENTIFIER = "P.R.China.draw-DemoUITests";
				PRODUCT_NAME = "$(TARGET_NAME)";
				TARGETED_DEVICE_FAMILY = "1,2";
				TEST_TARGET_NAME = "draw-Demo";
			};
			name = Release;
		};
/* End XCBuildConfiguration section */

/* Begin XCConfigurationList section */
		1107F5152123D6D3009365B7 /* Build configuration list for PBXProject "draw-Demo" */ = {
			isa = XCConfigurationList;
			buildConfigurations = (
				1107F5392123D6D5009365B7 /* Debug */,
				1107F53A2123D6D5009365B7 /* Release */,
			);
			defaultConfigurationIsVisible = 0;
			defaultConfigurationName = Release;
		};
		1107F53B2123D6D5009365B7 /* Build configuration list for PBXNativeTarget "draw-Demo" */ = {
			isa = XCConfigurationList;
			buildConfigurations = (
				1107F53C2123D6D5009365B7 /* Debug */,
				1107F53D2123D6D5009365B7 /* Release */,
			);
			defaultConfigurationIsVisible = 0;
			defaultConfigurationName = Release;
		};
		1107F53E2123D6D5009365B7 /* Build configuration list for PBXNativeTarget "draw-DemoUITests" */ = {
			isa = XCConfigurationList;
			buildConfigurations = (
				1107F53F2123D6D5009365B7 /* Debug */,
				1107F5402123D6D5009365B7 /* Release */,
			);
			defaultConfigurationIsVisible = 0;
			defaultConfigurationName = Release;
		};
/* End XCConfigurationList section */
	};
	rootObject = 1107F5122123D6D3009365B7 /* Project object */;
}
